
Microsoft Visual Studio Solution File, Format Version 12.00
# Visual Studio Version 17
VisualStudioVersion = 17.5.002.0
MinimumVisualStudioVersion = 10.0.40219.1
Project("{2150E333-8FDC-42A3-9474-1A3956D46DE8}") = "csharp-prep", "csharp-prep", "{9BB38607-307E-4702-BFB0-B9289A999D86}"
EndProject
Project("{9A19103F-16F7-4668-BE54-9A1E7A4F7556}") = "Prep1", "csharp-prep\Prep1\Prep1.csproj", "{17DD17FD-7475-44CE-B61B-C1440C492424}"
EndProject
Project("{9A19103F-16F7-4668-BE54-9A1E7A4F7556}") = "Prep2", "csharp-prep\Prep2\Prep2.csproj", "{C4B80EDF-A711-45A5-8552-178955562A9A}"
EndProject
Project("{9A19103F-16F7-4668-BE54-9A1E7A4F7556}") = "Prep3", "csharp-prep\Prep3\Prep3.csproj", "{4DF8514A-99FA-4DF3-A643-EBE760654508}"
EndProject
Project("{9A19103F-16F7-4668-BE54-9A1E7A4F7556}") = "Prep4", "csharp-prep\Prep4\Prep4.csproj", "{3BF1C0C2-984D-476F-BE58-33894629DA75}"
EndProject
Project("{9A19103F-16F7-4668-BE54-9A1E7A4F7556}") = "Prep5", "csharp-prep\Prep5\Prep5.csproj", "{3A127265-1BA6-4038-8FBB-B9C3D9AD6592}"
EndProject
Project("{2150E333-8FDC-42A3-9474-1A3956D46DE8}") = "final", "final", "{C4009267-F148-4F00-8213-C3599EA8A205}"
EndProject
Project("{9A19103F-16F7-4668-BE54-9A1E7A4F7556}") = "FinalProject", "final\FinalProject\FinalProject.csproj", "{3505F04D-2031-4F89-8EF4-C9145D20A08F}"
EndProject
Project("{9A19103F-16F7-4668-BE54-9A1E7A4F7556}") = "Foundation1", "final\Foundation1\Foundation1.csproj", "{DA1DBE0E-9817-4858-9A53-F1B28A0E2900}"
EndProject
Project("{9A19103F-16F7-4668-BE54-9A1E7A4F7556}") = "Foundation2", "final\Foundation2\Foundation2.csproj", "{8E824849-B19A-4BE6-98EC-68C435E68D17}"
EndProject
Project("{9A19103F-16F7-4668-BE54-9A1E7A4F7556}") = "Foundation3", "final\Foundation3\Foundation3.csproj", "{5E78BA05-4C92-4F72-822E-EA62EBFA163A}"
EndProject
Project("{9A19103F-16F7-4668-BE54-9A1E7A4F7556}") = "Foundation4", "final\Foundation4\Foundation4.csproj", "{2D71491E-88E3-4348-A3BE-5DD75CA39529}"
EndProject
Project("{2150E333-8FDC-42A3-9474-1A3956D46DE8}") = "prepare", "prepare", "{E52FEC17-9BAD-4CE0-8615-29136E4779BA}"
EndProject
Project("{9A19103F-16F7-4668-BE54-9A1E7A4F7556}") = "Learning02", "prepare\Learning02\Learning02.csproj", "{56707794-B4B5-4AE3-91CB-42249A82F94D}"
EndProject
Project("{9A19103F-16F7-4668-BE54-9A1E7A4F7556}") = "Learning03", "prepare\Learning03\Learning03.csproj", "{D91EA360-1A29-49B7-A961-DC296C8D7527}"
EndProject
Project("{9A19103F-16F7-4668-BE54-9A1E7A4F7556}") = "Learning04", "prepare\Learning04\Learning04.csproj", "{ACC94CE8-F122-4399-B367-417BF0E9EF89}"
EndProject
Project("{9A19103F-16F7-4668-BE54-9A1E7A4F7556}") = "Learning05", "prepare\Learning05\Learning05.csproj", "{3F7387ED-9D88-4686-8E45-B252AD1D0662}"
EndProject
Project("{2150E333-8FDC-42A3-9474-1A3956D46DE8}") = "prove", "prove", "{ED177B6E-A842-4F93-BE86-D588946A6C88}"
EndProject
Project("{9A19103F-16F7-4668-BE54-9A1E7A4F7556}") = "Develop02", "prove\Develop02\Develop02.csproj", "{EE8D3576-0EEE-41D7-8F05-DEAD55A57BEE}"
EndProject
Project("{9A19103F-16F7-4668-BE54-9A1E7A4F7556}") = "Develop03", "prove\Develop03\Develop03.csproj", "{FAAB9EA8-60CC-4CAD-A045-4339D1FA1B5C}"
EndProject
Project("{9A19103F-16F7-4668-BE54-9A1E7A4F7556}") = "Develop04", "prove\Develop04\Develop04.csproj", "{0FDE1F62-3985-428A-A4F0-AFFDD88DBDF1}"
EndProject
Project("{9A19103F-16F7-4668-BE54-9A1E7A4F7556}") = "Develop05", "prove\Develop05\Develop05.csproj", "{248C4CD4-09F2-475E-AB30-E51AD071927C}"
EndProject
Project("{2150E333-8FDC-42A3-9474-1A3956D46DE8}") = "sandbox", "sandbox", "{7F51FF01-F09A-456B-B72E-908EE95BF1F1}"
EndProject
Project("{9A19103F-16F7-4668-BE54-9A1E7A4F7556}") = "Sandbox", "sandbox\Sandbox\Sandbox.csproj", "{2F16A9D7-7490-453B-BE54-69BD56FA7BC5}"
EndProject
Global
	GlobalSection(SolutionConfigurationPlatforms) = preSolution
		Debug|Any CPU = Debug|Any CPU
		Release|Any CPU = Release|Any CPU
	EndGlobalSection
	GlobalSection(ProjectConfigurationPlatforms) = postSolution
		{17DD17FD-7475-44CE-B61B-C1440C492424}.Debug|Any CPU.ActiveCfg = Debug|Any CPU
		{17DD17FD-7475-44CE-B61B-C1440C492424}.Debug|Any CPU.Build.0 = Debug|Any CPU
		{17DD17FD-7475-44CE-B61B-C1440C492424}.Release|Any CPU.ActiveCfg = Release|Any CPU
		{17DD17FD-7475-44CE-B61B-C1440C492424}.Release|Any CPU.Build.0 = Release|Any CPU
		{C4B80EDF-A711-45A5-8552-178955562A9A}.Debug|Any CPU.ActiveCfg = Debug|Any CPU
		{C4B80EDF-A711-45A5-8552-178955562A9A}.Debug|Any CPU.Build.0 = Debug|Any CPU
		{C4B80EDF-A711-45A5-8552-178955562A9A}.Release|Any CPU.ActiveCfg = Release|Any CPU
		{C4B80EDF-A711-45A5-8552-178955562A9A}.Release|Any CPU.Build.0 = Release|Any CPU
		{4DF8514A-99FA-4DF3-A643-EBE760654508}.Debug|Any CPU.ActiveCfg = Debug|Any CPU
		{4DF8514A-99FA-4DF3-A643-EBE760654508}.Debug|Any CPU.Build.0 = Debug|Any CPU
		{4DF8514A-99FA-4DF3-A643-EBE760654508}.Release|Any CPU.ActiveCfg = Release|Any CPU
		{4DF8514A-99FA-4DF3-A643-EBE760654508}.Release|Any CPU.Build.0 = Release|Any CPU
		{3BF1C0C2-984D-476F-BE58-33894629DA75}.Debug|Any CPU.ActiveCfg = Debug|Any CPU
		{3BF1C0C2-984D-476F-BE58-33894629DA75}.Debug|Any CPU.Build.0 = Debug|Any CPU
		{3BF1C0C2-984D-476F-BE58-33894629DA75}.Release|Any CPU.ActiveCfg = Release|Any CPU
		{3BF1C0C2-984D-476F-BE58-33894629DA75}.Release|Any CPU.Build.0 = Release|Any CPU
		{3A127265-1BA6-4038-8FBB-B9C3D9AD6592}.Debug|Any CPU.ActiveCfg = Debug|Any CPU
		{3A127265-1BA6-4038-8FBB-B9C3D9AD6592}.Debug|Any CPU.Build.0 = Debug|Any CPU
		{3A127265-1BA6-4038-8FBB-B9C3D9AD6592}.Release|Any CPU.ActiveCfg = Release|Any CPU
		{3A127265-1BA6-4038-8FBB-B9C3D9AD6592}.Release|Any CPU.Build.0 = Release|Any CPU
		{3505F04D-2031-4F89-8EF4-C9145D20A08F}.Debug|Any CPU.ActiveCfg = Debug|Any CPU
		{3505F04D-2031-4F89-8EF4-C9145D20A08F}.Debug|Any CPU.Build.0 = Debug|Any CPU
		{3505F04D-2031-4F89-8EF4-C9145D20A08F}.Release|Any CPU.ActiveCfg = Release|Any CPU
		{3505F04D-2031-4F89-8EF4-C9145D20A08F}.Release|Any CPU.Build.0 = Release|Any CPU
		{DA1DBE0E-9817-4858-9A53-F1B28A0E2900}.Debug|Any CPU.ActiveCfg = Debug|Any CPU
		{DA1DBE0E-9817-4858-9A53-F1B28A0E2900}.Debug|Any CPU.Build.0 = Debug|Any CPU
		{DA1DBE0E-9817-4858-9A53-F1B28A0E2900}.Release|Any CPU.ActiveCfg = Release|Any CPU
		{DA1DBE0E-9817-4858-9A53-F1B28A0E2900}.Release|Any CPU.Build.0 = Release|Any CPU
		{8E824849-B19A-4BE6-98EC-68C435E68D17}.Debug|Any CPU.ActiveCfg = Debug|Any CPU
		{8E824849-B19A-4BE6-98EC-68C435E68D17}.Debug|Any CPU.Build.0 = Debug|Any CPU
		{8E824849-B19A-4BE6-98EC-68C435E68D17}.Release|Any CPU.ActiveCfg = Release|Any CPU
		{8E824849-B19A-4BE6-98EC-68C435E68D17}.Release|Any CPU.Build.0 = Release|Any CPU
		{5E78BA05-4C92-4F72-822E-EA62EBFA163A}.Debug|Any CPU.ActiveCfg = Debug|Any CPU
		{5E78BA05-4C92-4F72-822E-EA62EBFA163A}.Debug|Any CPU.Build.0 = Debug|Any CPU
		{5E78BA05-4C92-4F72-822E-EA62EBFA163A}.Release|Any CPU.ActiveCfg = Release|Any CPU
		{5E78BA05-4C92-4F72-822E-EA62EBFA163A}.Release|Any CPU.Build.0 = Release|Any CPU
		{2D71491E-88E3-4348-A3BE-5DD75CA39529}.Debug|Any CPU.ActiveCfg = Debug|Any CPU
		{2D71491E-88E3-4348-A3BE-5DD75CA39529}.Debug|Any CPU.Build.0 = Debug|Any CPU
		{2D71491E-88E3-4348-A3BE-5DD75CA39529}.Release|Any CPU.ActiveCfg = Release|Any CPU
		{2D71491E-88E3-4348-A3BE-5DD75CA39529}.Release|Any CPU.Build.0 = Release|Any CPU
		{56707794-B4B5-4AE3-91CB-42249A82F94D}.Debug|Any CPU.ActiveCfg = Debug|Any CPU
		{56707794-B4B5-4AE3-91CB-42249A82F94D}.Debug|Any CPU.Build.0 = Debug|Any CPU
		{56707794-B4B5-4AE3-91CB-42249A82F94D}.Release|Any CPU.ActiveCfg = Release|Any CPU
		{56707794-B4B5-4AE3-91CB-42249A82F94D}.Release|Any CPU.Build.0 = Release|Any CPU
		{D91EA360-1A29-49B7-A961-DC296C8D7527}.Debug|Any CPU.ActiveCfg = Debug|Any CPU
		{D91EA360-1A29-49B7-A961-DC296C8D7527}.Debug|Any CPU.Build.0 = Debug|Any CPU
		{D91EA360-1A29-49B7-A961-DC296C8D7527}.Release|Any CPU.ActiveCfg = Release|Any CPU
		{D91EA360-1A29-49B7-A961-DC296C8D7527}.Release|Any CPU.Build.0 = Release|Any CPU
		{ACC94CE8-F122-4399-B367-417BF0E9EF89}.Debug|Any CPU.ActiveCfg = Debug|Any CPU
		{ACC94CE8-F122-4399-B367-417BF0E9EF89}.Debug|Any CPU.Build.0 = Debug|Any CPU
		{ACC94CE8-F122-4399-B367-417BF0E9EF89}.Release|Any CPU.ActiveCfg = Release|Any CPU
		{ACC94CE8-F122-4399-B367-417BF0E9EF89}.Release|Any CPU.Build.0 = Release|Any CPU
		{3F7387ED-9D88-4686-8E45-B252AD1D0662}.Debug|Any CPU.ActiveCfg = Debug|Any CPU
		{3F7387ED-9D88-4686-8E45-B252AD1D0662}.Debug|Any CPU.Build.0 = Debug|Any CPU
		{3F7387ED-9D88-4686-8E45-B252AD1D0662}.Release|Any CPU.ActiveCfg = Release|Any CPU
		{3F7387ED-9D88-4686-8E45-B252AD1D0662}.Release|Any CPU.Build.0 = Release|Any CPU
		{EE8D3576-0EEE-41D7-8F05-DEAD55A57BEE}.Debug|Any CPU.ActiveCfg = Debug|Any CPU
		{EE8D3576-0EEE-41D7-8F05-DEAD55A57BEE}.Debug|Any CPU.Build.0 = Debug|Any CPU
		{EE8D3576-0EEE-41D7-8F05-DEAD55A57BEE}.Release|Any CPU.ActiveCfg = Release|Any CPU
		{EE8D3576-0EEE-41D7-8F05-DEAD55A57BEE}.Release|Any CPU.Build.0 = Release|Any CPU
		{FAAB9EA8-60CC-4CAD-A045-4339D1FA1B5C}.Debug|Any CPU.ActiveCfg = Debug|Any CPU
		{FAAB9EA8-60CC-4CAD-A045-4339D1FA1B5C}.Debug|Any CPU.Build.0 = Debug|Any CPU
		{FAAB9EA8-60CC-4CAD-A045-4339D1FA1B5C}.Release|Any CPU.ActiveCfg = Release|Any CPU
		{FAAB9EA8-60CC-4CAD-A045-4339D1FA1B5C}.Release|Any CPU.Build.0 = Release|Any CPU
		{0FDE1F62-3985-428A-A4F0-AFFDD88DBDF1}.Debug|Any CPU.ActiveCfg = Debug|Any CPU
		{0FDE1F62-3985-428A-A4F0-AFFDD88DBDF1}.Debug|Any CPU.Build.0 = Debug|Any CPU
		{0FDE1F62-3985-428A-A4F0-AFFDD88DBDF1}.Release|Any CPU.ActiveCfg = Release|Any CPU
		{0FDE1F62-3985-428A-A4F0-AFFDD88DBDF1}.Release|Any CPU.Build.0 = Release|Any CPU
		{248C4CD4-09F2-475E-AB30-E51AD071927C}.Debug|Any CPU.ActiveCfg = Debug|Any CPU
		{248C4CD4-09F2-475E-AB30-E51AD071927C}.Debug|Any CPU.Build.0 = Debug|Any CPU
		{248C4CD4-09F2-475E-AB30-E51AD071927C}.Release|Any CPU.ActiveCfg = Release|Any CPU
		{248C4CD4-09F2-475E-AB30-E51AD071927C}.Release|Any CPU.Build.0 = Release|Any CPU
		{2F16A9D7-7490-453B-BE54-69BD56FA7BC5}.Debug|Any CPU.ActiveCfg = Debug|Any CPU
		{2F16A9D7-7490-453B-BE54-69BD56FA7BC5}.Debug|Any CPU.Build.0 = Debug|Any CPU
		{2F16A9D7-7490-453B-BE54-69BD56FA7BC5}.Release|Any CPU.ActiveCfg = Release|Any CPU
		{2F16A9D7-7490-453B-BE54-69BD56FA7BC5}.Release|Any CPU.Build.0 = Release|Any CPU
	EndGlobalSection
	GlobalSection(SolutionProperties) = preSolution
		HideSolutionNode = FALSE
	EndGlobalSection
	GlobalSection(NestedProjects) = preSolution
		{17DD17FD-7475-44CE-B61B-C1440C492424} = {9BB38607-307E-4702-BFB0-B9289A999D86}
		{C4B80EDF-A711-45A5-8552-178955562A9A} = {9BB38607-307E-4702-BFB0-B9289A999D86}
		{4DF8514A-99FA-4DF3-A643-EBE760654508} = {9BB38607-307E-4702-BFB0-B9289A999D86}
		{3BF1C0C2-984D-476F-BE58-33894629DA75} = {9BB38607-307E-4702-BFB0-B9289A999D86}
		{3A127265-1BA6-4038-8FBB-B9C3D9AD6592} = {9BB38607-307E-4702-BFB0-B9289A999D86}
		{3505F04D-2031-4F89-8EF4-C9145D20A08F} = {C4009267-F148-4F00-8213-C3599EA8A205}
		{DA1DBE0E-9817-4858-9A53-F1B28A0E2900} = {C4009267-F148-4F00-8213-C3599EA8A205}
		{8E824849-B19A-4BE6-98EC-68C435E68D17} = {C4009267-F148-4F00-8213-C3599EA8A205}
		{5E78BA05-4C92-4F72-822E-EA62EBFA163A} = {C4009267-F148-4F00-8213-C3599EA8A205}
		{2D71491E-88E3-4348-A3BE-5DD75CA39529} = {C4009267-F148-4F00-8213-C3599EA8A205}
		{56707794-B4B5-4AE3-91CB-42249A82F94D} = {E52FEC17-9BAD-4CE0-8615-29136E4779BA}
		{D91EA360-1A29-49B7-A961-DC296C8D7527} = {E52FEC17-9BAD-4CE0-8615-29136E4779BA}
		{ACC94CE8-F122-4399-B367-417BF0E9EF89} = {E52FEC17-9BAD-4CE0-8615-29136E4779BA}
		{3F7387ED-9D88-4686-8E45-B252AD1D0662} = {E52FEC17-9BAD-4CE0-8615-29136E4779BA}
		{EE8D3576-0EEE-41D7-8F05-DEAD55A57BEE} = {ED177B6E-A842-4F93-BE86-D588946A6C88}
		{FAAB9EA8-60CC-4CAD-A045-4339D1FA1B5C} = {ED177B6E-A842-4F93-BE86-D588946A6C88}
		{0FDE1F62-3985-428A-A4F0-AFFDD88DBDF1} = {ED177B6E-A842-4F93-BE86-D588946A6C88}
		{248C4CD4-09F2-475E-AB30-E51AD071927C} = {ED177B6E-A842-4F93-BE86-D588946A6C88}
		{2F16A9D7-7490-453B-BE54-69BD56FA7BC5} = {7F51FF01-F09A-456B-B72E-908EE95BF1F1}
	EndGlobalSection
	GlobalSection(ExtensibilityGlobals) = postSolution
		SolutionGuid = {8183009C-7D80-4BA3-92FD-22AC856EF257}
	EndGlobalSection
EndGlobal
